
Microsoft Visual Studio Solution File, Format Version 12.00
# Visual Studio Version 17
VisualStudioVersion = 17.7.34202.233
MinimumVisualStudioVersion = 10.0.40219.1
Project("{FAE04EC0-301F-11D3-BF4B-00C04F79EFBC}") = "WFAMapperClassSimulation_0", "WFAMapperClassSimulation_0\WFAMapperClassSimulation_0.csproj", "{72E734EB-FBCC-448F-BC64-9E8A1E21EA9B}"
EndProject
Global
	GlobalSection(SolutionConfigurationPlatforms) = preSolution
		Debug|Any CPU = Debug|Any CPU
		Release|Any CPU = Release|Any CPU
	EndGlobalSection
	GlobalSection(ProjectConfigurationPlatforms) = postSolution
		{72E734EB-FBCC-448F-BC64-9E8A1E21EA9B}.Debug|Any CPU.ActiveCfg = Debug|Any CPU
		{72E734EB-FBCC-448F-BC64-9E8A1E21EA9B}.Debug|Any CPU.Build.0 = Debug|Any CPU
		{72E734EB-FBCC-448F-BC64-9E8A1E21EA9B}.Release|Any CPU.ActiveCfg = Release|Any CPU
		{72E734EB-FBCC-448F-BC64-9E8A1E21EA9B}.Release|Any CPU.Build.0 = Release|Any CPU
	EndGlobalSection
	GlobalSection(SolutionProperties) = preSolution
		HideSolutionNode = FALSE
	EndGlobalSection
	GlobalSection(ExtensibilityGlobals) = postSolution
		SolutionGuid = {6F57D3EB-CC8E-4EC7-8880-B3DD5BDF44FF}
	EndGlobalSection
EndGlobal
